
Microsoft Visual Studio Solution File, Format Version 12.00
# Visual Studio Version 16
VisualStudioVersion = 16.0.30907.101
MinimumVisualStudioVersion = 10.0.40219.1
Project("{FAE04EC0-301F-11D3-BF4B-00C04F79EFBC}") = "GraphicsCardShop", "GraphicsCardShop\GraphicsCardShop.csproj", "{344B2885-5477-419E-ADC4-F1F8D872BCFC}"
EndProject
Global
	GlobalSection(SolutionConfigurationPlatforms) = preSolution
		Debug|Any CPU = Debug|Any CPU
		Release|Any CPU = Release|Any CPU
	EndGlobalSection
	GlobalSection(ProjectConfigurationPlatforms) = postSolution
		{344B2885-5477-419E-ADC4-F1F8D872BCFC}.Debug|Any CPU.ActiveCfg = Debug|Any CPU
		{344B2885-5477-419E-ADC4-F1F8D872BCFC}.Debug|Any CPU.Build.0 = Debug|Any CPU
		{344B2885-5477-419E-ADC4-F1F8D872BCFC}.Release|Any CPU.ActiveCfg = Release|Any CPU
		{344B2885-5477-419E-ADC4-F1F8D872BCFC}.Release|Any CPU.Build.0 = Release|Any CPU
	EndGlobalSection
	GlobalSection(SolutionProperties) = preSolution
		HideSolutionNode = FALSE
	EndGlobalSection
	GlobalSection(ExtensibilityGlobals) = postSolution
		SolutionGuid = {49777EC6-0EA9-4555-ACF4-E3C4B5D4B3BA}
	EndGlobalSection
EndGlobal
